
Microsoft Visual Studio Solution File, Format Version 12.00
# Visual Studio 15
VisualStudioVersion = 15.0.27130.2010
MinimumVisualStudioVersion = 10.0.40219.1
Project("{FAE04EC0-301F-11D3-BF4B-00C04F79EFBC}") = "Downloader", "ConsoleApp1\Downloader.csproj", "{60FC00CE-FAE1-41F2-82E8-6243F6105875}"
EndProject
Global
	GlobalSection(SolutionConfigurationPlatforms) = preSolution
		Debug|Any CPU = Debug|Any CPU
		Release|Any CPU = Release|Any CPU
	EndGlobalSection
	GlobalSection(ProjectConfigurationPlatforms) = postSolution
		{60FC00CE-FAE1-41F2-82E8-6243F6105875}.Debug|Any CPU.ActiveCfg = Debug|Any CPU
		{60FC00CE-FAE1-41F2-82E8-6243F6105875}.Debug|Any CPU.Build.0 = Debug|Any CPU
		{60FC00CE-FAE1-41F2-82E8-6243F6105875}.Release|Any CPU.ActiveCfg = Release|Any CPU
		{60FC00CE-FAE1-41F2-82E8-6243F6105875}.Release|Any CPU.Build.0 = Release|Any CPU
	EndGlobalSection
	GlobalSection(SolutionProperties) = preSolution
		HideSolutionNode = FALSE
	EndGlobalSection
	GlobalSection(ExtensibilityGlobals) = postSolution
		SolutionGuid = {4957E7AE-EE7B-4711-BC36-77C7517FC8A3}
	EndGlobalSection
EndGlobal
